
Microsoft Visual Studio Solution File, Format Version 12.00
# Visual Studio Version 16
VisualStudioVersion = 16.0.30611.23
MinimumVisualStudioVersion = 10.0.40219.1
Project("{FAE04EC0-301F-11D3-BF4B-00C04F79EFBC}") = "GTASave", "GTASave\GTASave.csproj", "{313D1AD8-C3B4-499C-9052-B2270E4ADE0F}"
EndProject
Project("{FAE04EC0-301F-11D3-BF4B-00C04F79EFBC}") = "GTASaveTests", "GTASaveTests\GTASaveTests.csproj", "{8F0E443F-4860-4F17-9CCF-B8021C53B624}"
EndProject
Project("{2150E333-8FDC-42A3-9474-1A3956D46DE8}") = "Solution Items", "Solution Items", "{8635E2C8-8434-42CE-A8FC-33B8D97C2B68}"
	ProjectSection(SolutionItems) = preProject
		HEADER.txt = HEADER.txt
		LICENSE.txt = LICENSE.txt
		README.md = README.md
	EndProjectSection
EndProject
Global
	GlobalSection(SolutionConfigurationPlatforms) = preSolution
		Debug|Any CPU = Debug|Any CPU
		Release|Any CPU = Release|Any CPU
	EndGlobalSection
	GlobalSection(ProjectConfigurationPlatforms) = postSolution
		{313D1AD8-C3B4-499C-9052-B2270E4ADE0F}.Debug|Any CPU.ActiveCfg = Debug|Any CPU
		{313D1AD8-C3B4-499C-9052-B2270E4ADE0F}.Debug|Any CPU.Build.0 = Debug|Any CPU
		{313D1AD8-C3B4-499C-9052-B2270E4ADE0F}.Release|Any CPU.ActiveCfg = Release|Any CPU
		{313D1AD8-C3B4-499C-9052-B2270E4ADE0F}.Release|Any CPU.Build.0 = Release|Any CPU
		{8F0E443F-4860-4F17-9CCF-B8021C53B624}.Debug|Any CPU.ActiveCfg = Debug|Any CPU
		{8F0E443F-4860-4F17-9CCF-B8021C53B624}.Debug|Any CPU.Build.0 = Debug|Any CPU
		{8F0E443F-4860-4F17-9CCF-B8021C53B624}.Release|Any CPU.ActiveCfg = Release|Any CPU
		{8F0E443F-4860-4F17-9CCF-B8021C53B624}.Release|Any CPU.Build.0 = Release|Any CPU
	EndGlobalSection
	GlobalSection(SolutionProperties) = preSolution
		HideSolutionNode = FALSE
	EndGlobalSection
	GlobalSection(ExtensibilityGlobals) = postSolution
		SolutionGuid = {13C0FC6F-4541-4408-A3D7-29926FF428BD}
	EndGlobalSection
EndGlobal
